
Microsoft Visual Studio Solution File, Format Version 12.00
# Visual Studio Version 17
VisualStudioVersion = 17.13.35931.197 d17.13
MinimumVisualStudioVersion = 10.0.40219.1
Project("{FAE04EC0-301F-11D3-BF4B-00C04F79EFBC}") = "MiniEcommerceCase", "MiniEcommerceCase\MiniEcommerceCase.csproj", "{3D4C766D-923D-45B0-A73F-7F6CC16EE2F6}"
EndProject
Project("{FAE04EC0-301F-11D3-BF4B-00C04F79EFBC}") = "MiniEcommerceCase.Domain", "MiniEcommerceCase.Domain\MiniEcommerceCase.Domain.csproj", "{0CC3FD42-0D06-45B3-BB5B-E94EA46A6598}"
EndProject
Project("{FAE04EC0-301F-11D3-BF4B-00C04F79EFBC}") = "MiniEcommerceCase.Application", "MiniEcommerceCase.Application\MiniEcommerceCase.Application.csproj", "{691346DD-F36F-4430-AE05-751A6FC267AA}"
EndProject
Project("{FAE04EC0-301F-11D3-BF4B-00C04F79EFBC}") = "MiniEcommerceCase.Infrastructure", "MiniEcommerceCase.Infrastructure\MiniEcommerceCase.Infrastructure.csproj", "{E23C38B4-162F-4969-BCB4-B8CFA84B1F8B}"
EndProject
Global
	GlobalSection(SolutionConfigurationPlatforms) = preSolution
		Debug|Any CPU = Debug|Any CPU
		Release|Any CPU = Release|Any CPU
	EndGlobalSection
	GlobalSection(ProjectConfigurationPlatforms) = postSolution
		{3D4C766D-923D-45B0-A73F-7F6CC16EE2F6}.Debug|Any CPU.ActiveCfg = Debug|Any CPU
		{3D4C766D-923D-45B0-A73F-7F6CC16EE2F6}.Debug|Any CPU.Build.0 = Debug|Any CPU
		{3D4C766D-923D-45B0-A73F-7F6CC16EE2F6}.Release|Any CPU.ActiveCfg = Release|Any CPU
		{3D4C766D-923D-45B0-A73F-7F6CC16EE2F6}.Release|Any CPU.Build.0 = Release|Any CPU
		{0CC3FD42-0D06-45B3-BB5B-E94EA46A6598}.Debug|Any CPU.ActiveCfg = Debug|Any CPU
		{0CC3FD42-0D06-45B3-BB5B-E94EA46A6598}.Debug|Any CPU.Build.0 = Debug|Any CPU
		{0CC3FD42-0D06-45B3-BB5B-E94EA46A6598}.Release|Any CPU.ActiveCfg = Release|Any CPU
		{0CC3FD42-0D06-45B3-BB5B-E94EA46A6598}.Release|Any CPU.Build.0 = Release|Any CPU
		{691346DD-F36F-4430-AE05-751A6FC267AA}.Debug|Any CPU.ActiveCfg = Debug|Any CPU
		{691346DD-F36F-4430-AE05-751A6FC267AA}.Debug|Any CPU.Build.0 = Debug|Any CPU
		{691346DD-F36F-4430-AE05-751A6FC267AA}.Release|Any CPU.ActiveCfg = Release|Any CPU
		{691346DD-F36F-4430-AE05-751A6FC267AA}.Release|Any CPU.Build.0 = Release|Any CPU
		{E23C38B4-162F-4969-BCB4-B8CFA84B1F8B}.Debug|Any CPU.ActiveCfg = Debug|Any CPU
		{E23C38B4-162F-4969-BCB4-B8CFA84B1F8B}.Debug|Any CPU.Build.0 = Debug|Any CPU
		{E23C38B4-162F-4969-BCB4-B8CFA84B1F8B}.Release|Any CPU.ActiveCfg = Release|Any CPU
		{E23C38B4-162F-4969-BCB4-B8CFA84B1F8B}.Release|Any CPU.Build.0 = Release|Any CPU
	EndGlobalSection
	GlobalSection(SolutionProperties) = preSolution
		HideSolutionNode = FALSE
	EndGlobalSection
	GlobalSection(ExtensibilityGlobals) = postSolution
		SolutionGuid = {4E2EAED2-3D44-4A3B-B294-71E3EBF3A7F5}
	EndGlobalSection
EndGlobal
